
Microsoft Visual Studio Solution File, Format Version 12.00
# Visual Studio Version 17
VisualStudioVersion = 17.2.32616.157
MinimumVisualStudioVersion = 10.0.40219.1
Project("{FAE04EC0-301F-11D3-BF4B-00C04F79EFBC}") = "Generator_ConsoleTest", "Generator_ConsoleTest\Generator_ConsoleTest.csproj", "{147AA7D8-9714-4F97-A254-88DACC6BBA83}"
EndProject
Global
	GlobalSection(SolutionConfigurationPlatforms) = preSolution
		Debug|Any CPU = Debug|Any CPU
		Release|Any CPU = Release|Any CPU
	EndGlobalSection
	GlobalSection(ProjectConfigurationPlatforms) = postSolution
		{147AA7D8-9714-4F97-A254-88DACC6BBA83}.Debug|Any CPU.ActiveCfg = Debug|Any CPU
		{147AA7D8-9714-4F97-A254-88DACC6BBA83}.Debug|Any CPU.Build.0 = Debug|Any CPU
		{147AA7D8-9714-4F97-A254-88DACC6BBA83}.Release|Any CPU.ActiveCfg = Release|Any CPU
		{147AA7D8-9714-4F97-A254-88DACC6BBA83}.Release|Any CPU.Build.0 = Release|Any CPU
	EndGlobalSection
	GlobalSection(SolutionProperties) = preSolution
		HideSolutionNode = FALSE
	EndGlobalSection
	GlobalSection(ExtensibilityGlobals) = postSolution
		SolutionGuid = {6E5C6815-5E20-4E15-84EE-2A0351F72B57}
	EndGlobalSection
EndGlobal
